// !$*UTF8*$!
{
	archiveVersion = 1;
	classes = {
	};
	objectVersion = 46;
	objects = {

/* Begin PBXBuildFile section */
		074B1CCC1C912EE000DBEC65 /* ToDoTableViewCell.swift in Sources */ = {isa = PBXBuildFile; fileRef = 074B1CCB1C912EE000DBEC65 /* ToDoTableViewCell.swift */; };
		074B1CCE1C912F2C00DBEC65 /* ToDoViewController.swift in Sources */ = {isa = PBXBuildFile; fileRef = 074B1CCD1C912F2C00DBEC65 /* ToDoViewController.swift */; };
		075A1E471C9A282C0002BA23 /* DoingTableViewCell.swift in Sources */ = {isa = PBXBuildFile; fileRef = 075A1E461C9A282C0002BA23 /* DoingTableViewCell.swift */; };
		8F2E14841C852B890078B4EF /* AppDelegate.swift in Sources */ = {isa = PBXBuildFile; fileRef = 8F2E14831C852B890078B4EF /* AppDelegate.swift */; };
		8F2E14891C852B890078B4EF /* Main.storyboard in Resources */ = {isa = PBXBuildFile; fileRef = 8F2E14871C852B890078B4EF /* Main.storyboard */; };
		8F2E148B1C852B890078B4EF /* Assets.xcassets in Resources */ = {isa = PBXBuildFile; fileRef = 8F2E148A1C852B890078B4EF /* Assets.xcassets */; };
		8F2E148E1C852B890078B4EF /* LaunchScreen.storyboard in Resources */ = {isa = PBXBuildFile; fileRef = 8F2E148C1C852B890078B4EF /* LaunchScreen.storyboard */; };
/* End PBXBuildFile section */

/* Begin PBXFileReference section */
		074B1CCB1C912EE000DBEC65 /* ToDoTableViewCell.swift */ = {isa = PBXFileReference; fileEncoding = 4; lastKnownFileType = sourcecode.swift; path = ToDoTableViewCell.swift; sourceTree = "<group>"; };
		074B1CCD1C912F2C00DBEC65 /* ToDoViewController.swift */ = {isa = PBXFileReference; fileEncoding = 4; lastKnownFileType = sourcecode.swift; path = ToDoViewController.swift; sourceTree = "<group>"; };
		075A1E461C9A282C0002BA23 /* DoingTableViewCell.swift */ = {isa = PBXFileReference; fileEncoding = 4; lastKnownFileType = sourcecode.swift; path = DoingTableViewCell.swift; sourceTree = "<group>"; };
		8F2E14801C852B890078B4EF /* todo.app */ = {isa = PBXFileReference; explicitFileType = wrapper.application; includeInIndex = 0; path = todo.app; sourceTree = BUILT_PRODUCTS_DIR; };
		8F2E14831C852B890078B4EF /* AppDelegate.swift */ = {isa = PBXFileReference; lastKnownFileType = sourcecode.swift; path = AppDelegate.swift; sourceTree = "<group>"; };
		8F2E14881C852B890078B4EF /* Base */ = {isa = PBXFileReference; lastKnownFileType = file.storyboard; name = Base; path = Base.lproj/Main.storyboard; sourceTree = "<group>"; };
		8F2E148A1C852B890078B4EF /* Assets.xcassets */ = {isa = PBXFileReference; lastKnownFileType = folder.assetcatalog; path = Assets.xcassets; sourceTree = "<group>"; };
		8F2E148D1C852B890078B4EF /* Base */ = {isa = PBXFileReference; lastKnownFileType = file.storyboard; name = Base; path = Base.lproj/LaunchScreen.storyboard; sourceTree = "<group>"; };
		8F2E148F1C852B890078B4EF /* Info.plist */ = {isa = PBXFileReference; lastKnownFileType = text.plist.xml; path = Info.plist; sourceTree = "<group>"; };
/* End PBXFileReference section */

/* Begin PBXFrameworksBuildPhase section */
		8F2E147D1C852B890078B4EF /* Frameworks */ = {
			isa = PBXFrameworksBuildPhase;
			buildActionMask = 2147483647;
			files = (
			);
			runOnlyForDeploymentPostprocessing = 0;
		};
/* End PBXFrameworksBuildPhase section */

/* Begin PBXGroup section */
		8F2E14771C852B890078B4EF = {
			isa = PBXGroup;
			children = (
				8F2E14821C852B890078B4EF /* todo */,
				8F2E14811C852B890078B4EF /* Products */,
			);
			sourceTree = "<group>";
		};
		8F2E14811C852B890078B4EF /* Products */ = {
			isa = PBXGroup;
			children = (
				8F2E14801C852B890078B4EF /* todo.app */,
			);
			name = Products;
			sourceTree = "<group>";
		};
		8F2E14821C852B890078B4EF /* todo */ = {
			isa = PBXGroup;
			children = (
				074B1CCD1C912F2C00DBEC65 /* ToDoViewController.swift */,
				074B1CCB1C912EE000DBEC65 /* ToDoTableViewCell.swift */,
				075A1E461C9A282C0002BA23 /* DoingTableViewCell.swift */,
				8F2E14831C852B890078B4EF /* AppDelegate.swift */,
				8F2E14871C852B890078B4EF /* Main.storyboard */,
				8F2E148A1C852B890078B4EF /* Assets.xcassets */,
				8F2E148C1C852B890078B4EF /* LaunchScreen.storyboard */,
				8F2E148F1C852B890078B4EF /* Info.plist */,
			);
			path = todo;
			sourceTree = "<group>";
		};
/* End PBXGroup section */

/* Begin PBXNativeTarget section */
		8F2E147F1C852B890078B4EF /* todo */ = {
			isa = PBXNativeTarget;
			buildConfigurationList = 8F2E14921C852B890078B4EF /* Build configuration list for PBXNativeTarget "todo" */;
			buildPhases = (
				8F2E147C1C852B890078B4EF /* Sources */,
				8F2E147D1C852B890078B4EF /* Frameworks */,
				8F2E147E1C852B890078B4EF /* Resources */,
			);
			buildRules = (
			);
			dependencies = (
			);
			name = todo;
			productName = todo;
			productReference = 8F2E14801C852B890078B4EF /* todo.app */;
			productType = "com.apple.product-type.application";
		};
/* End PBXNativeTarget section */

/* Begin PBXProject section */
		8F2E14781C852B890078B4EF /* Project object */ = {
			isa = PBXProject;
			attributes = {
				LastSwiftUpdateCheck = 0720;
				LastUpgradeCheck = 0720;
				ORGANIZATIONNAME = "Jisi Guo";
				TargetAttributes = {
					8F2E147F1C852B890078B4EF = {
						CreatedOnToolsVersion = 7.2.1;
					};
				};
			};
			buildConfigurationList = 8F2E147B1C852B890078B4EF /* Build configuration list for PBXProject "todo" */;
			compatibilityVersion = "Xcode 3.2";
			developmentRegion = English;
			hasScannedForEncodings = 0;
			knownRegions = (
				en,
				Base,
			);
			mainGroup = 8F2E14771C852B890078B4EF;
			productRefGroup = 8F2E14811C852B890078B4EF /* Products */;
			projectDirPath = "";
			projectRoot = "";
			targets = (
				8F2E147F1C852B890078B4EF /* todo */,
			);
		};
/* End PBXProject section */

/* Begin PBXResourcesBuildPhase section */
		8F2E147E1C852B890078B4EF /* Resources */ = {
			isa = PBXResourcesBuildPhase;
			buildActionMask = 2147483647;
			files = (
				8F2E148E1C852B890078B4EF /* LaunchScreen.storyboard in Resources */,
				8F2E148B1C852B890078B4EF /* Assets.xcassets in Resources */,
				8F2E14891C852B890078B4EF /* Main.storyboard in Resources */,
			);
			runOnlyForDeploymentPostprocessing = 0;
		};
/* End PBXResourcesBuildPhase section */

/* Begin PBXSourcesBuildPhase section */
		8F2E147C1C852B890078B4EF /* Sources */ = {
			isa = PBXSourcesBuildPhase;
			buildActionMask = 2147483647;
			files = (
				8F2E14841C852B890078B4EF /* AppDelegate.swift in Sources */,
				074B1CCE1C912F2C00DBEC65 /* ToDoViewController.swift in Sources */,
				074B1CCC1C912EE000DBEC65 /* ToDoTableViewCell.swift in Sources */,
				075A1E471C9A282C0002BA23 /* DoingTableViewCell.swift in Sources */,
			);
			runOnlyForDeploymentPostprocessing = 0;
		};
/* End PBXSourcesBuildPhase section */

/* Begin PBXVariantGroup section */
		8F2E14871C852B890078B4EF /* Main.storyboard */ = {
			isa = PBXVariantGroup;
			children = (
				8F2E14881C852B890078B4EF /* Base */,
			);
			name = Main.storyboard;
			sourceTree = "<group>";
		};
		8F2E148C1C852B890078B4EF /* LaunchScreen.storyboard */ = {
			isa = PBXVariantGroup;
			children = (
				8F2E148D1C852B890078B4EF /* Base */,
			);
			name = LaunchScreen.storyboard;
			sourceTree = "<group>";
		};
/* End PBXVariantGroup section */

/* Begin XCBuildConfiguration section */
		8F2E14901C852B890078B4EF /* Debug */ = {
			isa = XCBuildConfiguration;
			buildSettings = {
				ALWAYS_SEARCH_USER_PATHS = NO;
				CLANG_CXX_LANGUAGE_STANDARD = "gnu++0x";
				CLANG_CXX_LIBRARY = "libc++";
				CLANG_ENABLE_MODULES = YES;
				CLANG_ENABLE_OBJC_ARC = YES;
				CLANG_WARN_BOOL_CONVERSION = YES;
				CLANG_WARN_CONSTANT_CONVERSION = YES;
				CLANG_WARN_DIRECT_OBJC_ISA_USAGE = YES_ERROR;
				CLANG_WARN_EMPTY_BODY = YES;
				CLANG_WARN_ENUM_CONVERSION = YES;
				CLANG_WARN_INT_CONVERSION = YES;
				CLANG_WARN_OBJC_ROOT_CLASS = YES_ERROR;
				CLANG_WARN_UNREACHABLE_CODE = YES;
				CLANG_WARN__DUPLICATE_METHOD_MATCH = YES;
				"CODE_SIGN_IDENTITY[sdk=iphoneos*]" = "iPhone Developer";
				COPY_PHASE_STRIP = NO;
				DEBUG_INFORMATION_FORMAT = dwarf;
				ENABLE_STRICT_OBJC_MSGSEND = YES;
				ENABLE_TESTABILITY = YES;
				GCC_C_LANGUAGE_STANDARD = gnu99;
				GCC_DYNAMIC_NO_PIC = NO;
				GCC_NO_COMMON_BLOCKS = YES;
				GCC_OPTIMIZATION_LEVEL = 0;
				GCC_PREPROCESSOR_DEFINITIONS = (
					"DEBUG=1",
					"$(inherited)",
				);
				GCC_WARN_64_TO_32_BIT_CONVERSION = YES;
				GCC_WARN_ABOUT_RETURN_TYPE = YES_ERROR;
				GCC_WARN_UNDECLARED_SELECTOR = YES;
				GCC_WARN_UNINITIALIZED_AUTOS = YES_AGGRESSIVE;
				GCC_WARN_UNUSED_FUNCTION = YES;
				GCC_WARN_UNUSED_VARIABLE = YES;
				IPHONEOS_DEPLOYMENT_TARGET = 9.2;
				MTL_ENABLE_DEBUG_INFO = YES;
				ONLY_ACTIVE_ARCH = YES;
				SDKROOT = iphoneos;
				SWIFT_OPTIMIZATION_LEVEL = "-Onone";
			};
			name = Debug;
		};
		8F2E14911C852B890078B4EF /* Release */ = {
			isa = XCBuildConfiguration;
			buildSettings = {
				ALWAYS_SEARCH_USER_PATHS = NO;
				CLANG_CXX_LANGUAGE_STANDARD = "gnu++0x";
				CLANG_CXX_LIBRARY = "libc++";
				CLANG_ENABLE_MODULES = YES;
				CLANG_ENABLE_OBJC_ARC = YES;
				CLANG_WARN_BOOL_CONVERSION = YES;
				CLANG_WARN_CONSTANT_CONVERSION = YES;
				CLANG_WARN_DIRECT_OBJC_ISA_USAGE = YES_ERROR;
				CLANG_WARN_EMPTY_BODY = YES;
				CLANG_WARN_ENUM_CONVERSION = YES;
				CLANG_WARN_INT_CONVERSION = YES;
				CLANG_WARN_OBJC_ROOT_CLASS = YES_ERROR;
				CLANG_WARN_UNREACHABLE_CODE = YES;
				CLANG_WARN__DUPLICATE_METHOD_MATCH = YES;
				"CODE_SIGN_IDENTITY[sdk=iphoneos*]" = "iPhone Developer";
				COPY_PHASE_STRIP = NO;
				DEBUG_INFORMATION_FORMAT = "dwarf-with-dsym";
				ENABLE_NS_ASSERTIONS = NO;
				ENABLE_STRICT_OBJC_MSGSEND = YES;
				GCC_C_LANGUAGE_STANDARD = gnu99;
				GCC_NO_COMMON_BLOCKS = YES;
				GCC_WARN_64_TO_32_BIT_CONVERSION = YES;
				GCC_WARN_ABOUT_RETURN_TYPE = YES_ERROR;
				GCC_WARN_UNDECLARED_SELECTOR = YES;
				GCC_WARN_UNINITIALIZED_AUTOS = YES_AGGRESSIVE;
				GCC_WARN_UNUSED_FUNCTION = YES;
				GCC_WARN_UNUSED_VARIABLE = YES;
				IPHONEOS_DEPLOYMENT_TARGET = 9.2;
				MTL_ENABLE_DEBUG_INFO = NO;
				SDKROOT = iphoneos;
				VALIDATE_PRODUCT = YES;
			};
			name = Release;
		};
		8F2E14931C852B890078B4EF /* Debug */ = {
			isa = XCBuildConfiguration;
			buildSettings = {
				ASSETCATALOG_COMPILER_APPICON_NAME = AppIcon;
				INFOPLIST_FILE = todo/Info.plist;
				LD_RUNPATH_SEARCH_PATHS = "$(inherited) @executable_path/Frameworks";
				PRODUCT_BUNDLE_IDENTIFIER = jisi.todo;
				PRODUCT_NAME = "$(TARGET_NAME)";
			};
			name = Debug;
		};
		8F2E14941C852B890078B4EF /* Release */ = {
			isa = XCBuildConfiguration;
			buildSettings = {
				ASSETCATALOG_COMPILER_APPICON_NAME = AppIcon;
				INFOPLIST_FILE = todo/Info.plist;
				LD_RUNPATH_SEARCH_PATHS = "$(inherited) @executable_path/Frameworks";
				PRODUCT_BUNDLE_IDENTIFIER = jisi.todo;
				PRODUCT_NAME = "$(TARGET_NAME)";
			};
			name = Release;
		};
/* End XCBuildConfiguration section */

/* Begin XCConfigurationList section */
		8F2E147B1C852B890078B4EF /* Build configuration list for PBXProject "todo" */ = {
			isa = XCConfigurationList;
			buildConfigurations = (
				8F2E14901C852B890078B4EF /* Debug */,
				8F2E14911C852B890078B4EF /* Release */,
			);
			defaultConfigurationIsVisible = 0;
			defaultConfigurationName = Release;
		};
		8F2E14921C852B890078B4EF /* Build configuration list for PBXNativeTarget "todo" */ = {
			isa = XCConfigurationList;
			buildConfigurations = (
				8F2E14931C852B890078B4EF /* Debug */,
				8F2E14941C852B890078B4EF /* Release */,
			);
			defaultConfigurationIsVisible = 0;
			defaultConfigurationName = Release;
		};
/* End XCConfigurationList section */
	};
	rootObject = 8F2E14781C852B890078B4EF /* Project object */;
}
